
Microsoft Visual Studio Solution File, Format Version 12.00
# Visual Studio Version 16
VisualStudioVersion = 16.0.29709.97
MinimumVisualStudioVersion = 10.0.40219.1
Project("{9A19103F-16F7-4668-BE54-9A1E7A4F7556}") = "ResumePortfolioSite", "ResumePortfolioSite\ResumePortfolioSite.csproj", "{A981CD2F-F357-4496-963E-B60848AAA6D7}"
EndProject
Project("{FAE04EC0-301F-11D3-BF4B-00C04F79EFBC}") = "ResumePortfolioSite.Test", "ResumePortfolioSite.Test\ResumePortfolioSite.Test.csproj", "{A38829EA-9456-464A-9201-B87B167AF327}"
EndProject
Global
	GlobalSection(SolutionConfigurationPlatforms) = preSolution
		Debug|Any CPU = Debug|Any CPU
		Release|Any CPU = Release|Any CPU
	EndGlobalSection
	GlobalSection(ProjectConfigurationPlatforms) = postSolution
		{A981CD2F-F357-4496-963E-B60848AAA6D7}.Debug|Any CPU.ActiveCfg = Debug|Any CPU
		{A981CD2F-F357-4496-963E-B60848AAA6D7}.Debug|Any CPU.Build.0 = Debug|Any CPU
		{A981CD2F-F357-4496-963E-B60848AAA6D7}.Release|Any CPU.ActiveCfg = Release|Any CPU
		{A981CD2F-F357-4496-963E-B60848AAA6D7}.Release|Any CPU.Build.0 = Release|Any CPU
		{A38829EA-9456-464A-9201-B87B167AF327}.Debug|Any CPU.ActiveCfg = Debug|Any CPU
		{A38829EA-9456-464A-9201-B87B167AF327}.Debug|Any CPU.Build.0 = Debug|Any CPU
		{A38829EA-9456-464A-9201-B87B167AF327}.Release|Any CPU.ActiveCfg = Release|Any CPU
		{A38829EA-9456-464A-9201-B87B167AF327}.Release|Any CPU.Build.0 = Release|Any CPU
	EndGlobalSection
	GlobalSection(SolutionProperties) = preSolution
		HideSolutionNode = FALSE
	EndGlobalSection
	GlobalSection(ExtensibilityGlobals) = postSolution
		SolutionGuid = {452EBA00-B736-40E3-8268-FFA78D490FA8}
	EndGlobalSection
EndGlobal
